PODS:
  - AFNetworking (3.2.0):
    - AFNetworking/NSURLSession (= 3.2.0)
    - AFNetworking/Reachability (= 3.2.0)
    - AFNetworking/Security (= 3.2.0)
    - AFNetworking/Serialization (= 3.2.0)
    - AFNetworking/UIKit (= 3.2.0)
  - AFNetworking/NSURLSession (3.2.0):
    - AFNetworking/Reachability
    - AFNetworking/Security
    - AFNetworking/Serialization
  - AFNetworking/Reachability (3.2.0)
  - AFNetworking/Security (3.2.0)
  - AFNetworking/Serialization (3.2.0)
  - AFNetworking/UIKit (3.2.0):
    - AFNetworking/NSURLSession
  - FMDB (2.7.2):
    - FMDB/standard (= 2.7.2)
  - FMDB/standard (2.7.2)
  - Masonry (1.1.0)
  - MJExtension (3.0.13)
  - ReactiveObjC (3.1.0)
  - RMUniversalAlert (0.8.1):
    - RMUniversalAlert/Core (= 0.8.1)
  - RMUniversalAlert/Core (0.8.1):
    - UIActionSheet+Blocks (>= 0.9)
    - UIAlertController+Blocks (>= 0.9)
    - UIAlertView+Blocks (>= 0.9)
  - SDWebImage (4.3.3):
    - SDWebImage/Core (= 4.3.3)
  - SDWebImage/Core (4.3.3)
  - UIActionSheet+Blocks (0.9)
  - UIAlertController+Blocks (0.9.2)
  - UIAlertView+Blocks (0.9)
  - YLT_BaseLib (0.1.0):
    - FMDB
    - MJExtension
    - RMUniversalAlert
  - YLT_Kit (0.0.21):
    - AFNetworking
    - Masonry
    - ReactiveObjC
    - SDWebImage
    - YLT_BaseLib

DEPENDENCIES:
  - YLT_Kit (from `../`)

EXTERNAL SOURCES:
  YLT_Kit:
    :path: ../

SPEC CHECKSUMS:
  AFNetworking: 8ac6017b94ea105479f7776e5288e48ae9c59bb4
  FMDB: 6198a90e7b6900cfc046e6bc0ef6ebb7be9236aa
  Masonry: 678fab65091a9290e40e2832a55e7ab731aad201
  MJExtension: 5932755f451458eefa24239358817f8d291240c7
  ReactiveObjC: 2a38ea15335de4119d8b17caf1db1484f61db902
  RMUniversalAlert: ce7118101a19fa41b9adedf907b66a8cc3bd32c8
  SDWebImage: de4d90b5bff3571eae7bd16202b1f43135409fa5
  UIActionSheet+Blocks: e180b7dad0a721ab7f212ac9742af799008bb358
  UIAlertController+Blocks: 80e28b92523fb58aba4d1bccec013d5a0b0bddb2
  UIAlertView+Blocks: a46c99c5144f6c5dbc7d62fd2a0678daceec89a3
  YLT_BaseLib: b13bf3cf232cfd6589ce51e8c5fd0757c95056b2
  YLT_Kit: cd925a72fe185a1ac212b9751cffb9277bec41d8

PODFILE CHECKSUM: 65a474d3ca23e64c48d267336e751acf6a3ca453

COCOAPODS: 1.4.0
