PODS:
  - AFNetworking (3.2.1):
    - AFNetworking/NSURLSession (= 3.2.1)
    - AFNetworking/Reachability (= 3.2.1)
    - AFNetworking/Security (= 3.2.1)
    - AFNetworking/Serialization (= 3.2.1)
    - AFNetworking/UIKit (= 3.2.1)
  - AFNetworking/NSURLSession (3.2.1):
    - AFNetworking/Reachability
    - AFNetworking/Security
    - AFNetworking/Serialization
  - AFNetworking/Reachability (3.2.1)
  - AFNetworking/Security (3.2.1)
  - AFNetworking/Serialization (3.2.1)
  - AFNetworking/UIKit (3.2.1):
    - AFNetworking/NSURLSession
  - Aspects (1.4.1)
  - FastCoding (3.3)
  - FMDB (2.7.5):
    - FMDB/standard (= 2.7.5)
  - FMDB/standard (2.7.5)
  - Masonry (1.1.0)
  - MJExtension (3.0.17)
  - MJRefresh (3.2.0)
  - ReactiveObjC (3.1.1)
  - SDWebImage (5.0.2):
    - SDWebImage/Core (= 5.0.2)
  - SDWebImage/Core (5.0.2)
  - YLT_BaseLib (0.3.42):
    - FastCoding
    - FMDB
    - MJExtension
  - YLT_Kit (0.3.44):
    - AFNetworking
    - Aspects
    - Masonry
    - MJRefresh
    - ReactiveObjC
    - SDWebImage
    - YLT_BaseLib

DEPENDENCIES:
  - YLT_Kit (from `../`)

SPEC REPOS:
  https://github.com/cocoapods/specs.git:
    - AFNetworking
    - Aspects
    - FastCoding
    - FMDB
    - Masonry
    - MJExtension
    - MJRefresh
    - ReactiveObjC
    - SDWebImage
    - YLT_BaseLib

EXTERNAL SOURCES:
  YLT_Kit:
    :path: "../"

SPEC CHECKSUMS:
  AFNetworking: b6f891fdfaed196b46c7a83cf209e09697b94057
  Aspects: 7595ba96a6727a58ebcbfc954497fc5d2fdde546
  FastCoding: 3b590f7143a229780fa744b35084d85d9461587e
  FMDB: 2ce00b547f966261cd18927a3ddb07cb6f3db82a
  Masonry: 678fab65091a9290e40e2832a55e7ab731aad201
  MJExtension: 74ec83124a68891619fb7ba9c5c811bbf1691076
  MJRefresh: ed450d6eb9d3346a2cb033ab7eb6de090aeef437
  ReactiveObjC: 011caa393aa0383245f2dcf9bf02e86b80b36040
  SDWebImage: 6764b5fa0f73c203728052955dbefa2bf1f33282
  YLT_BaseLib: b937bedd43d4455c4c24eac21a5d3e0d7780294c
  YLT_Kit: 3e336fadc369ef1223d9e6c945cd315c79d79086

PODFILE CHECKSUM: 65a474d3ca23e64c48d267336e751acf6a3ca453

COCOAPODS: 1.7.2
